{
  "name": "limitless",
  "version": "1.0.0",
  "lockfileVersion": 2,
  "requires": true,
  "packages": {
    "": {
      "version": "1.0.0",
      "devDependencies": {
        "js-image-generator": "^1.0.2"
      }
    },
    "node_modules/jpeg-js": {
      "version": "0.1.2",
      "resolved": "https://registry.npmjs.org/jpeg-js/-/jpeg-js-0.1.2.tgz",
      "integrity": "sha1-E1uZLAV1yYXPoPSUoyJ+0jhYPs4=",
      "dev": true
    },
    "node_modules/js-image-generator": {
      "version": "1.0.2",
      "resolved": "https://registry.npmjs.org/js-image-generator/-/js-image-generator-1.0.2.tgz",
      "integrity": "sha1-aD5lOeaLjJpYtF1k6GMQpTRNbXA=",
      "dev": true,
      "dependencies": {
        "jpeg-js": "^0.1.2"
      }
    }
  },
  "dependencies": {
    "jpeg-js": {
      "version": "0.1.2",
      "resolved": "https://registry.npmjs.org/jpeg-js/-/jpeg-js-0.1.2.tgz",
      "integrity": "sha1-E1uZLAV1yYXPoPSUoyJ+0jhYPs4=",
      "dev": true
    },
    "js-image-generator": {
      "version": "1.0.2",
      "resolved": "https://registry.npmjs.org/js-image-generator/-/js-image-generator-1.0.2.tgz",
      "integrity": "sha1-aD5lOeaLjJpYtF1k6GMQpTRNbXA=",
      "dev": true,
      "requires": {
        "jpeg-js": "^0.1.2"
      }
    }
  }
}
